
Microsoft Visual Studio Solution File, Format Version 12.00
# Visual Studio Version 17
VisualStudioVersion = 17.4.33205.214
MinimumVisualStudioVersion = 10.0.40219.1
Project("{FAE04EC0-301F-11D3-BF4B-00C04F79EFBC}") = "01-HeloWorld", "01-HeloWorld\01-HeloWorld.csproj", "{2E5C392A-49A1-43B0-8E16-5979F63D3B49}"
EndProject
Global
	GlobalSection(SolutionConfigurationPlatforms) = preSolution
		Debug|Any CPU = Debug|Any CPU
		Release|Any CPU = Release|Any CPU
	EndGlobalSection
	GlobalSection(ProjectConfigurationPlatforms) = postSolution
		{2E5C392A-49A1-43B0-8E16-5979F63D3B49}.Debug|Any CPU.ActiveCfg = Debug|Any CPU
		{2E5C392A-49A1-43B0-8E16-5979F63D3B49}.Debug|Any CPU.Build.0 = Debug|Any CPU
		{2E5C392A-49A1-43B0-8E16-5979F63D3B49}.Release|Any CPU.ActiveCfg = Release|Any CPU
		{2E5C392A-49A1-43B0-8E16-5979F63D3B49}.Release|Any CPU.Build.0 = Release|Any CPU
	EndGlobalSection
	GlobalSection(SolutionProperties) = preSolution
		HideSolutionNode = FALSE
	EndGlobalSection
	GlobalSection(ExtensibilityGlobals) = postSolution
		SolutionGuid = {EA6071F4-AE09-4482-969F-635EF968E73F}
	EndGlobalSection
EndGlobal
